<?xml version="1.0" encoding="utf-8"?>
<Project ToolsVersion="4.0" xmlns="http://schemas.microsoft.com/developer/msbuild/2003">
  <ItemGroup>
    <Filter Include="Header Files">
      <UniqueIdentifier>{93995380-89BD-4b04-88EB-625FBE52EBFB}</UniqueIdentifier>
      <Extensions>h;hh;hpp;hxx;h++;hm;inl;inc;ipp;xsd</Extensions>
    </Filter>
    <Filter Include="Source Files">
      <UniqueIdentifier>{4FC737F1-C7A5-4376-A066-2A32D752A2FF}</UniqueIdentifier>
      <Extensions>cpp;c;cc;cxx;c++;cppm;ixx;def;odl;idl;hpj;bat;asm;asmx</Extensions>
    </Filter>
    <Filter Include="IFeature">
      <UniqueIdentifier>{0d5515bc-9b5a-4d33-a918-989059c29e08}</UniqueIdentifier>
    </Filter>
    <Filter Include="Config">
      <UniqueIdentifier>{eb352600-7864-4906-a7f8-b065f137cc80}</UniqueIdentifier>
    </Filter>
    <Filter Include="NVNGX">
      <UniqueIdentifier>{5942b1ae-09d7-4444-8936-97ee514249b0}</UniqueIdentifier>
    </Filter>
    <Filter Include="XeSS">
      <UniqueIdentifier>{5b727ebe-fcfc-4b50-b956-8b7ba3456954}</UniqueIdentifier>
    </Filter>
    <Filter Include="Util">
      <UniqueIdentifier>{8cf642d0-7481-41f8-b96f-f3ecfdd50752}</UniqueIdentifier>
    </Filter>
    <Filter Include="Other">
      <UniqueIdentifier>{3ee7ea7b-4d96-4a1f-aa88-8dd4c5d506ee}</UniqueIdentifier>
    </Filter>
  </ItemGroup>
  <ItemGroup>
    <ClInclude Include="Config.h">
      <Filter>Config</Filter>
    </ClInclude>
    <ClInclude Include="NVNGX_Parameter.h">
      <Filter>NVNGX</Filter>
    </ClInclude>
    <ClInclude Include="Util.h">
      <Filter>Util</Filter>
    </ClInclude>
    <ClInclude Include="pch.h">
      <Filter>Other</Filter>
    </ClInclude>
    <ClInclude Include="backends\fsr2\FSR2Feature.h">
      <Filter>Header Files</Filter>
    </ClInclude>
    <ClInclude Include="backends\fsr2\FSR2Feature_Dx11.h">
      <Filter>Header Files</Filter>
    </ClInclude>
    <ClInclude Include="backends\fsr2\FSR2Feature_Dx11On12.h">
      <Filter>Header Files</Filter>
    </ClInclude>
    <ClInclude Include="backends\fsr2\FSR2Feature_Dx12.h">
      <Filter>Header Files</Filter>
    </ClInclude>
    <ClInclude Include="backends\fsr2\FSR2Feature_Vk.h">
      <Filter>Header Files</Filter>
    </ClInclude>
    <ClInclude Include="backends\IFeature_Dx11.h">
      <Filter>Header Files</Filter>
    </ClInclude>
    <ClInclude Include="backends\IFeature_Dx12.h">
      <Filter>Header Files</Filter>
    </ClInclude>
    <ClInclude Include="backends\IFeature.h">
      <Filter>Header Files</Filter>
    </ClInclude>
    <ClInclude Include="backends\IFeature_Vk.h">
      <Filter>Header Files</Filter>
    </ClInclude>
    <ClInclude Include="backends\xess\XeSSFeature_Dx11.h">
      <Filter>Header Files</Filter>
    </ClInclude>
    <ClInclude Include="cas\include\backends\shared\ffx_shader_blobs.h">
      <Filter>Header Files</Filter>
    </ClInclude>
    <ClInclude Include="backends\fsr2_212\FSR2Feature_212.h">
      <Filter>Header Files</Filter>
    </ClInclude>
    <ClInclude Include="backends\fsr2_212\FSR2Feature_Dx11On12_212.h">
      <Filter>Header Files</Filter>
    </ClInclude>
    <ClInclude Include="backends\fsr2_212\FSR2Feature_Dx12_212.h">
      <Filter>Header Files</Filter>
    </ClInclude>
    <ClInclude Include="backends\fsr2_212\FSR2Feature_Vk_212.h">
      <Filter>Header Files</Filter>
    </ClInclude>
    <ClInclude Include="imgui\imgui\imconfig.h">
      <Filter>Header Files</Filter>
    </ClInclude>
    <ClInclude Include="imgui\imgui\imgui.h">
      <Filter>Header Files</Filter>
    </ClInclude>
    <ClInclude Include="imgui\imgui\imgui_impl_dx11.h">
      <Filter>Header Files</Filter>
    </ClInclude>
    <ClInclude Include="imgui\imgui\imgui_impl_dx12.h">
      <Filter>Header Files</Filter>
    </ClInclude>
    <ClInclude Include="imgui\imgui\imgui_impl_vulkan.h">
      <Filter>Header Files</Filter>
    </ClInclude>
    <ClInclude Include="imgui\imgui\imgui_impl_win32.h">
      <Filter>Header Files</Filter>
    </ClInclude>
    <ClInclude Include="imgui\imgui\imgui_internal.h">
      <Filter>Header Files</Filter>
    </ClInclude>
    <ClInclude Include="imgui\imgui\imstb_rectpack.h">
      <Filter>Header Files</Filter>
    </ClInclude>
    <ClInclude Include="imgui\imgui\imstb_textedit.h">
      <Filter>Header Files</Filter>
    </ClInclude>
    <ClInclude Include="imgui\imgui\imstb_truetype.h">
      <Filter>Header Files</Filter>
    </ClInclude>
    <ClInclude Include="detours\detours.h">
      <Filter>Header Files</Filter>
    </ClInclude>
    <ClInclude Include="Logger.h">
      <Filter>Header Files</Filter>
    </ClInclude>
    <ClInclude Include="resource.h">
      <Filter>Header Files</Filter>
    </ClInclude>
    <ClInclude Include="backends\dlss\DLSSFeature.h">
      <Filter>Header Files</Filter>
    </ClInclude>
    <ClInclude Include="backends\dlss\DLSSFeature_Dx12.h">
      <Filter>Header Files</Filter>
    </ClInclude>
    <ClInclude Include="backends\dlss\DLSSFeature_Dx11.h">
      <Filter>Header Files</Filter>
    </ClInclude>
    <ClInclude Include="nvapi\external\nvapi.h">
      <Filter>Header Files</Filter>
    </ClInclude>
    <ClInclude Include="backends\dlss\DLSSFeature_Vk.h">
      <Filter>Header Files</Filter>
    </ClInclude>
    <ClInclude Include="rcas\RCAS_Dx12.h">
      <Filter>Header Files</Filter>
    </ClInclude>
    <ClInclude Include="imgui\imgui_overlay_base.h">
      <Filter>Header Files</Filter>
    </ClInclude>
    <ClInclude Include="imgui\imgui_overlay_dx.h">
      <Filter>Header Files</Filter>
    </ClInclude>
    <ClInclude Include="imgui\imgui_overlay_vk.h">
      <Filter>Header Files</Filter>
    </ClInclude>
    <ClInclude Include="imgui\imgui_dx_base.h">
      <Filter>Header Files</Filter>
    </ClInclude>
    <ClInclude Include="imgui\imgui_dx11.h">
      <Filter>Header Files</Filter>
    </ClInclude>
    <ClInclude Include="imgui\imgui_dx12.h">
      <Filter>Header Files</Filter>
    </ClInclude>
    <ClInclude Include="imgui\imgui_common.h">
      <Filter>Header Files</Filter>
    </ClInclude>
    <ClInclude Include="imgui\imgui\misc\freetype\imgui_freetype.h">
      <Filter>Header Files</Filter>
    </ClInclude>
    <ClInclude Include="rcas\RCAS_Common.h">
      <Filter>Header Files</Filter>
    </ClInclude>
    <ClInclude Include="dllmain.h">
      <Filter>Header Files</Filter>
    </ClInclude>
    <ClInclude Include="NVNGX_Proxy.h">
      <Filter>Header Files</Filter>
    </ClInclude>
    <ClInclude Include="backends\dlssd\DLSSDFeature.h">
      <Filter>Header Files</Filter>
    </ClInclude>
    <ClInclude Include="backends\dlssd\DLSSDFeature_Dx11.h">
      <Filter>Header Files</Filter>
    </ClInclude>
    <ClInclude Include="backends\dlssd\DLSSDFeature_Dx12.h">
      <Filter>Header Files</Filter>
    </ClInclude>
    <ClInclude Include="backends\dlssd\DLSSDFeature_Vk.h">
      <Filter>Header Files</Filter>
    </ClInclude>
    <ClInclude Include="backends\fsr31\FSR31Feature.h">
      <Filter>Header Files</Filter>
    </ClInclude>
    <ClInclude Include="backends\fsr31\FSR31Feature_Dx12.h">
      <Filter>Header Files</Filter>
    </ClInclude>
    <ClInclude Include="backends\fsr31\FSR31Feature_Dx11On12.h">
      <Filter>Header Files</Filter>
    </ClInclude>
    <ClInclude Include="backends\fsr31\FSR31Feature_Vk.h">
      <Filter>Header Files</Filter>
    </ClInclude>
    <ClInclude Include="ag\pag_common.h">
      <Filter>Header Files</Filter>
    </ClInclude>
    <ClInclude Include="bias\Bias_Dx12.h">
      <Filter>Header Files</Filter>
    </ClInclude>
    <ClInclude Include="bias\Bias_Common.h">
      <Filter>Header Files</Filter>
    </ClInclude>
    <ClInclude Include="bias\precompile\Bias_Shader.h">
      <Filter>Header Files</Filter>
    </ClInclude>
    <ClInclude Include="rcas\precompile\RCAS_Shader.h">
      <Filter>Header Files</Filter>
    </ClInclude>
    <ClInclude Include="output_scaling\precompile\BCDS_Shader.h">
      <Filter>Header Files</Filter>
    </ClInclude>
    <ClInclude Include="output_scaling\precompile\BCUS_Shader.h">
      <Filter>Header Files</Filter>
    </ClInclude>
    <ClInclude Include="bicubicscaling\precompile\FSR_Shader.h">
      <Filter>Header Files</Filter>
    </ClInclude>
    <ClInclude Include="output_scaling\OS_Dx12.h">
      <Filter>Header Files</Filter>
    </ClInclude>
    <ClInclude Include="rcas\RCAS_Dx11.h">
      <Filter>Header Files</Filter>
    </ClInclude>
    <ClInclude Include="output_scaling\OS_Dx11.h">
      <Filter>Header Files</Filter>
    </ClInclude>
    <ClInclude Include="output_scaling\OS_Common.h">
      <Filter>Header Files</Filter>
    </ClInclude>
    <ClInclude Include="bias\Bias_Dx11.h">
      <Filter>Header Files</Filter>
    </ClInclude>
    <ClInclude Include="backends\fsr31\FSR31Feature_Dx11.h">
      <Filter>Header Files</Filter>
    </ClInclude>
    <ClInclude Include="format_transfer\FT_Common.h">
      <Filter>Header Files</Filter>
    </ClInclude>
    <ClInclude Include="format_transfer\FT_Dx12.h">
      <Filter>Header Files</Filter>
    </ClInclude>
    <ClInclude Include="FfxApi_Proxy.h">
      <Filter>Header Files</Filter>
    </ClInclude>
    <ClInclude Include="format_transfer\precompile\B8R8G8A8_Shader.h">
      <Filter>Header Files</Filter>
    </ClInclude>
    <ClInclude Include="format_transfer\precompile\R10G10B10A2_Shader.h">
      <Filter>Header Files</Filter>
    </ClInclude>
    <ClInclude Include="format_transfer\precompile\R8G8B8A8_Shader.h">
      <Filter>Header Files</Filter>
    </ClInclude>
    <ClInclude Include="hooks\HooksDx.h">
      <Filter>Header Files</Filter>
    </ClInclude>
    <ClInclude Include="hooks\HooksVk.h">
      <Filter>Header Files</Filter>
    </ClInclude>
    <ClInclude Include="hooks\wrapped_swapchain.h">
      <Filter>Header Files</Filter>
    </ClInclude>
    <ClInclude Include="XeSS_Proxy.h">
      <Filter>Header Files</Filter>
    </ClInclude>
    <ClInclude Include="nvapi\fakenvapi.h">
      <Filter>Header Files</Filter>
    </ClInclude>
    <ClInclude Include="nvapi\ReflexHooks.h">
      <Filter>Header Files</Filter>
    </ClInclude>
    <ClInclude Include="nvapi\NvApiHooks.h">
      <Filter>Header Files</Filter>
    </ClInclude>
    <ClInclude Include="nvapi\NvApiTypes.h">
      <Filter>Header Files</Filter>
    </ClInclude>
  </ItemGroup>
  <ItemGroup>
    <ClCompile Include="Config.cpp">
      <Filter>Config</Filter>
    </ClCompile>
    <ClCompile Include="dllmain.cpp" />
    <ClCompile Include="Util.cpp">
      <Filter>Util</Filter>
    </ClCompile>
    <ClCompile Include="NVNGX_DLSS_Dx12.cpp">
      <Filter>Source Files</Filter>
    </ClCompile>
    <ClCompile Include="NVNGX_DLSS_Dx11.cpp">
      <Filter>Source Files</Filter>
    </ClCompile>
    <ClCompile Include="NVNGX_DLSS_Vk.cpp">
      <Filter>Source Files</Filter>
    </ClCompile>
    <ClCompile Include="backends\fsr2\FSR2Feature.cpp">
      <Filter>Source Files</Filter>
    </ClCompile>
    <ClCompile Include="backends\fsr2\FSR2Feature_Dx11.cpp">
      <Filter>Source Files</Filter>
    </ClCompile>
    <ClCompile Include="backends\fsr2\FSR2Feature_Dx11On12.cpp">
      <Filter>Source Files</Filter>
    </ClCompile>
    <ClCompile Include="backends\fsr2\FSR2Feature_Dx12.cpp">
      <Filter>Source Files</Filter>
    </ClCompile>
    <ClCompile Include="backends\fsr2\FSR2Feature_Vk.cpp">
      <Filter>Source Files</Filter>
    </ClCompile>
    <ClCompile Include="backends\IFeature.cpp">
      <Filter>Source Files</Filter>
    </ClCompile>
    <ClCompile Include="backends\IFeature_Dx12.cpp">
      <Filter>Source Files</Filter>
    </ClCompile>
    <ClCompile Include="backends\xess\XeSSFeature.cpp">
      <Filter>Source Files</Filter>
    </ClCompile>
    <ClCompile Include="backends\xess\XeSSFeature.h">
      <Filter>Header Files</Filter>
    </ClCompile>
    <ClCompile Include="backends\xess\XeSSFeature_Dx11.cpp">
      <Filter>Source Files</Filter>
    </ClCompile>
    <ClCompile Include="backends\xess\XeSSFeature_Dx12.cpp">
      <Filter>Source Files</Filter>
    </ClCompile>
    <ClCompile Include="backends\xess\XeSSFeature_Dx12.h">
      <Filter>Header Files</Filter>
    </ClCompile>
    <ClCompile Include="backends\fsr2_212\FSR2Feature_212.cpp">
      <Filter>Source Files</Filter>
    </ClCompile>
    <ClCompile Include="backends\fsr2_212\FSR2Feature_Dx11On12_212.cpp">
      <Filter>Source Files</Filter>
    </ClCompile>
    <ClCompile Include="backends\fsr2_212\FSR2Feature_Dx12_212.cpp">
      <Filter>Source Files</Filter>
    </ClCompile>
    <ClCompile Include="backends\fsr2_212\FSR2Feature_Vk_212.cpp">
      <Filter>Source Files</Filter>
    </ClCompile>
    <ClCompile Include="imgui\imgui\imgui.cpp">
      <Filter>Source Files</Filter>
    </ClCompile>
    <ClCompile Include="imgui\imgui\imgui_demo.cpp">
      <Filter>Source Files</Filter>
    </ClCompile>
    <ClCompile Include="imgui\imgui\imgui_draw.cpp">
      <Filter>Source Files</Filter>
    </ClCompile>
    <ClCompile Include="imgui\imgui\imgui_impl_dx11.cpp">
      <Filter>Source Files</Filter>
    </ClCompile>
    <ClCompile Include="imgui\imgui\imgui_impl_dx12.cpp">
      <Filter>Source Files</Filter>
    </ClCompile>
    <ClCompile Include="imgui\imgui\imgui_impl_vulkan.cpp">
      <Filter>Source Files</Filter>
    </ClCompile>
    <ClCompile Include="imgui\imgui\imgui_impl_win32.cpp">
      <Filter>Source Files</Filter>
    </ClCompile>
    <ClCompile Include="imgui\imgui\imgui_tables.cpp">
      <Filter>Source Files</Filter>
    </ClCompile>
    <ClCompile Include="imgui\imgui\imgui_widgets.cpp">
      <Filter>Source Files</Filter>
    </ClCompile>
    <ClCompile Include="backends\IFeature_Dx11wDx12.h">
      <Filter>Source Files</Filter>
    </ClCompile>
    <ClCompile Include="backends\IFeature_Dx11wDx12.cpp">
      <Filter>Source Files</Filter>
    </ClCompile>
    <ClCompile Include="backends\IFeature_Dx11.cpp">
      <Filter>Source Files</Filter>
    </ClCompile>
    <ClCompile Include="Logger.cpp">
      <Filter>Source Files</Filter>
    </ClCompile>
    <ClCompile Include="backends\dlss\DLSSFeature.cpp">
      <Filter>Source Files</Filter>
    </ClCompile>
    <ClCompile Include="backends\dlss\DLSSFeature_Dx12.cpp">
      <Filter>Source Files</Filter>
    </ClCompile>
    <ClCompile Include="backends\dlss\DLSSFeature_Dx11.cpp">
      <Filter>Source Files</Filter>
    </ClCompile>
    <ClCompile Include="backends\dlss\DLSSFeature_Vk.cpp">
      <Filter>Source Files</Filter>
    </ClCompile>
    <ClCompile Include="rcas\RCAS_Dx12.cpp">
      <Filter>Source Files</Filter>
    </ClCompile>
    <ClCompile Include="NVNGX.cpp">
      <Filter>Source Files</Filter>
    </ClCompile>
    <ClCompile Include="imgui\imgui_overlay_base.cpp">
      <Filter>Source Files</Filter>
    </ClCompile>
    <ClCompile Include="imgui\imgui_overlay_dx.cpp">
      <Filter>Source Files</Filter>
    </ClCompile>
    <ClCompile Include="imgui\imgui_overlay_vk.cpp">
      <Filter>Source Files</Filter>
    </ClCompile>
    <ClCompile Include="imgui\imgui_dx_base.cpp">
      <Filter>Source Files</Filter>
    </ClCompile>
    <ClCompile Include="imgui\imgui_dx11.cpp">
      <Filter>Source Files</Filter>
    </ClCompile>
    <ClCompile Include="imgui\imgui_dx12.cpp">
      <Filter>Source Files</Filter>
    </ClCompile>
    <ClCompile Include="backends\dlssd\DLSSDFeature.cpp">
      <Filter>Source Files</Filter>
    </ClCompile>
    <ClCompile Include="backends\dlssd\DLSSDFeature_Dx11.cpp">
      <Filter>Source Files</Filter>
    </ClCompile>
    <ClCompile Include="backends\dlssd\DLSSDFeature_Dx12.cpp">
      <Filter>Source Files</Filter>
    </ClCompile>
    <ClCompile Include="backends\dlssd\DLSSDFeature_Vk.cpp">
      <Filter>Source Files</Filter>
    </ClCompile>
    <ClCompile Include="backends\fsr31\FSR31Feature.cpp">
      <Filter>Source Files</Filter>
    </ClCompile>
    <ClCompile Include="backends\fsr31\FSR31Feature_Dx12.cpp">
      <Filter>Source Files</Filter>
    </ClCompile>
    <ClCompile Include="backends\fsr31\FSR31Feature_Dx11On12.cpp">
      <Filter>Source Files</Filter>
    </ClCompile>
    <ClCompile Include="backends\fsr31\FSR31Feature_Vk.cpp">
      <Filter>Source Files</Filter>
    </ClCompile>
    <ClCompile Include="bias\Bias_Dx12.cpp">
      <Filter>Source Files</Filter>
    </ClCompile>
    <ClCompile Include="output_scaling\OS_Dx12.cpp">
      <Filter>Source Files</Filter>
    </ClCompile>
    <ClCompile Include="rcas\RCAS_Dx11.cpp">
      <Filter>Source Files</Filter>
    </ClCompile>
    <ClCompile Include="output_scaling\OS_Dx11.cpp">
      <Filter>Source Files</Filter>
    </ClCompile>
    <ClCompile Include="bias\Bias_Dx11.cpp">
      <Filter>Source Files</Filter>
    </ClCompile>
    <ClCompile Include="imgui\imgui_common.cpp">
      <Filter>Source Files</Filter>
    </ClCompile>
    <ClCompile Include="backends\fsr31\FSR31Feature_Dx11.cpp">
      <Filter>Source Files</Filter>
    </ClCompile>
    <ClCompile Include="format_transfer\FT_Dx12.cpp">
      <Filter>Source Files</Filter>
    </ClCompile>
    <ClCompile Include="XeSS_Debug.cpp">
      <Filter>Source Files</Filter>
    </ClCompile>
    <ClCompile Include="XeSS_Dx12.cpp">
      <Filter>Source Files</Filter>
    </ClCompile>
    <ClCompile Include="hooks\HooksDx.cpp">
      <Filter>Source Files</Filter>
    </ClCompile>
    <ClCompile Include="hooks\HooksVk.cpp">
      <Filter>Source Files</Filter>
    </ClCompile>
    <ClCompile Include="hooks\wrapped_swapchain.cpp">
      <Filter>Source Files</Filter>
    </ClCompile>
    <ClCompile Include="imgui\imgui\misc\freetype\imgui_freetype.cpp">
      <Filter>Source Files</Filter>
    </ClCompile>
  </ItemGroup>
  <ItemGroup>
    <Library Include="vulkan\vulkan-1.lib" />
  </ItemGroup>
  <ItemGroup>
    <ResourceCompile Include="OptiScaler.rc" />
  </ItemGroup>
  <ItemGroup>
    <None Include="Source.def">
      <Filter>Source Files</Filter>
    </None>
  </ItemGroup>
</Project>