<?xml version="1.0" encoding="utf-8"?>
<Project ToolsVersion="4.0" xmlns="http://schemas.microsoft.com/developer/msbuild/2003">
  <ItemGroup>
    <Filter Include="Header Files">
      <UniqueIdentifier>{93995380-89BD-4b04-88EB-625FBE52EBFB}</UniqueIdentifier>
      <Extensions>h;hh;hpp;hxx;h++;hm;inl;inc;ipp;xsd</Extensions>
    </Filter>
    <Filter Include="Source Files">
      <UniqueIdentifier>{4FC737F1-C7A5-4376-A066-2A32D752A2FF}</UniqueIdentifier>
      <Extensions>cpp;c;cc;cxx;c++;cppm;ixx;def;odl;idl;hpj;bat;asm;asmx</Extensions>
    </Filter>
    <Filter Include="IFeature">
      <UniqueIdentifier>{0d5515bc-9b5a-4d33-a918-989059c29e08}</UniqueIdentifier>
    </Filter>
    <Filter Include="Config">
      <UniqueIdentifier>{eb352600-7864-4906-a7f8-b065f137cc80}</UniqueIdentifier>
    </Filter>
    <Filter Include="NVNGX">
      <UniqueIdentifier>{5942b1ae-09d7-4444-8936-97ee514249b0}</UniqueIdentifier>
    </Filter>
    <Filter Include="XeSS">
      <UniqueIdentifier>{5b727ebe-fcfc-4b50-b956-8b7ba3456954}</UniqueIdentifier>
    </Filter>
    <Filter Include="Util">
      <UniqueIdentifier>{8cf642d0-7481-41f8-b96f-f3ecfdd50752}</UniqueIdentifier>
    </Filter>
    <Filter Include="Other">
      <UniqueIdentifier>{3ee7ea7b-4d96-4a1f-aa88-8dd4c5d506ee}</UniqueIdentifier>
    </Filter>
  </ItemGroup>
  <ItemGroup>
    <ClInclude Include="Config.h">
      <Filter>Config</Filter>
    </ClInclude>
    <ClInclude Include="NVNGX_Parameter.h">
      <Filter>NVNGX</Filter>
    </ClInclude>
    <ClInclude Include="Util.h">
      <Filter>Util</Filter>
    </ClInclude>
    <ClInclude Include="pch.h">
      <Filter>Other</Filter>
    </ClInclude>
    <ClInclude Include="upscalers\fsr2\FSR2Feature.h">
      <Filter>Header Files</Filter>
    </ClInclude>
    <ClInclude Include="upscalers\fsr2\FSR2Feature_Dx11.h">
      <Filter>Header Files</Filter>
    </ClInclude>
    <ClInclude Include="upscalers\fsr2\FSR2Feature_Dx11On12.h">
      <Filter>Header Files</Filter>
    </ClInclude>
    <ClInclude Include="upscalers\fsr2\FSR2Feature_Dx12.h">
      <Filter>Header Files</Filter>
    </ClInclude>
    <ClInclude Include="upscalers\fsr2\FSR2Feature_Vk.h">
      <Filter>Header Files</Filter>
    </ClInclude>
    <ClInclude Include="upscalers\IFeature_Dx11.h">
      <Filter>Header Files</Filter>
    </ClInclude>
    <ClInclude Include="upscalers\IFeature_Dx12.h">
      <Filter>Header Files</Filter>
    </ClInclude>
    <ClInclude Include="upscalers\IFeature.h">
      <Filter>Header Files</Filter>
    </ClInclude>
    <ClInclude Include="upscalers\IFeature_Vk.h">
      <Filter>Header Files</Filter>
    </ClInclude>
    <ClInclude Include="upscalers\xess\XeSSFeature_Dx11.h">
      <Filter>Header Files</Filter>
    </ClInclude>
    <ClInclude Include="upscalers\fsr2_212\FSR2Feature_212.h">
      <Filter>Header Files</Filter>
    </ClInclude>
    <ClInclude Include="upscalers\fsr2_212\FSR2Feature_Dx11On12_212.h">
      <Filter>Header Files</Filter>
    </ClInclude>
    <ClInclude Include="upscalers\fsr2_212\FSR2Feature_Dx12_212.h">
      <Filter>Header Files</Filter>
    </ClInclude>
    <ClInclude Include="upscalers\fsr2_212\FSR2Feature_Vk_212.h">
      <Filter>Header Files</Filter>
    </ClInclude>
    <ClInclude Include="detours\detours.h">
      <Filter>Header Files</Filter>
    </ClInclude>
    <ClInclude Include="Logger.h">
      <Filter>Header Files</Filter>
    </ClInclude>
    <ClInclude Include="resource.h">
      <Filter>Header Files</Filter>
    </ClInclude>
    <ClInclude Include="upscalers\dlss\DLSSFeature.h">
      <Filter>Header Files</Filter>
    </ClInclude>
    <ClInclude Include="upscalers\dlss\DLSSFeature_Dx12.h">
      <Filter>Header Files</Filter>
    </ClInclude>
    <ClInclude Include="upscalers\dlss\DLSSFeature_Dx11.h">
      <Filter>Header Files</Filter>
    </ClInclude>
    <ClInclude Include="nvapi\external\nvapi.h">
      <Filter>Header Files</Filter>
    </ClInclude>
    <ClInclude Include="upscalers\dlss\DLSSFeature_Vk.h">
      <Filter>Header Files</Filter>
    </ClInclude>
    <ClInclude Include="rcas\RCAS_Dx12.h">
      <Filter>Header Files</Filter>
    </ClInclude>
    <ClInclude Include="rcas\RCAS_Common.h">
      <Filter>Header Files</Filter>
    </ClInclude>
    <ClInclude Include="dllmain.h">
      <Filter>Header Files</Filter>
    </ClInclude>
    <ClInclude Include="proxies\NVNGX_Proxy.h">
      <Filter>Header Files</Filter>
    </ClInclude>
    <ClInclude Include="upscalers\dlssd\DLSSDFeature.h">
      <Filter>Header Files</Filter>
    </ClInclude>
    <ClInclude Include="upscalers\dlssd\DLSSDFeature_Dx11.h">
      <Filter>Header Files</Filter>
    </ClInclude>
    <ClInclude Include="upscalers\dlssd\DLSSDFeature_Dx12.h">
      <Filter>Header Files</Filter>
    </ClInclude>
    <ClInclude Include="upscalers\dlssd\DLSSDFeature_Vk.h">
      <Filter>Header Files</Filter>
    </ClInclude>
    <ClInclude Include="upscalers\fsr31\FSR31Feature.h">
      <Filter>Header Files</Filter>
    </ClInclude>
    <ClInclude Include="upscalers\fsr31\FSR31Feature_Dx12.h">
      <Filter>Header Files</Filter>
    </ClInclude>
    <ClInclude Include="upscalers\fsr31\FSR31Feature_Dx11On12.h">
      <Filter>Header Files</Filter>
    </ClInclude>
    <ClInclude Include="upscalers\fsr31\FSR31Feature_Vk.h">
      <Filter>Header Files</Filter>
    </ClInclude>
    <ClInclude Include="rcas\precompile\RCAS_Shader.h">
      <Filter>Header Files</Filter>
    </ClInclude>
    <ClInclude Include="rcas\RCAS_Dx11.h">
      <Filter>Header Files</Filter>
    </ClInclude>
    <ClInclude Include="output_scaling\OS_Dx11.h">
      <Filter>Header Files</Filter>
    </ClInclude>
    <ClInclude Include="upscalers\fsr31\FSR31Feature_Dx11.h">
      <Filter>Header Files</Filter>
    </ClInclude>
    <ClInclude Include="proxies\FfxApi_Proxy.h">
      <Filter>Header Files</Filter>
    </ClInclude>
    <ClInclude Include="hooks\HooksDx.h">
      <Filter>Header Files</Filter>
    </ClInclude>
    <ClInclude Include="hooks\HooksVk.h">
      <Filter>Header Files</Filter>
    </ClInclude>
    <ClInclude Include="hooks\wrapped_swapchain.h">
      <Filter>Header Files</Filter>
    </ClInclude>
    <ClInclude Include="proxies\XeSS_Proxy.h">
      <Filter>Header Files</Filter>
    </ClInclude>
    <ClInclude Include="nvapi\fakenvapi.h">
      <Filter>Header Files</Filter>
    </ClInclude>
    <ClInclude Include="nvapi\ReflexHooks.h">
      <Filter>Header Files</Filter>
    </ClInclude>
    <ClInclude Include="nvapi\NvApiHooks.h">
      <Filter>Header Files</Filter>
    </ClInclude>
    <ClInclude Include="nvapi\NvApiTypes.h">
      <Filter>Header Files</Filter>
    </ClInclude>
    <ClInclude Include="DLSSG_Mod.h">
      <Filter>Header Files</Filter>
    </ClInclude>
    <ClInclude Include="proxies\Gdi32_Proxy.h">
      <Filter>Header Files</Filter>
    </ClInclude>
    <ClInclude Include="proxies\Streamline_Proxy.h">
      <Filter>Header Files</Filter>
    </ClInclude>
    <ClInclude Include="inputs\FfxApi_Dx12.h">
      <Filter>Header Files</Filter>
    </ClInclude>
    <ClInclude Include="inputs\FSR2_Dx12.h">
      <Filter>Header Files</Filter>
    </ClInclude>
    <ClInclude Include="inputs\FSR3_Dx12.h">
      <Filter>Header Files</Filter>
    </ClInclude>
    <ClInclude Include="scanner\scanner.h">
      <Filter>Header Files</Filter>
    </ClInclude>
    <ClInclude Include="State.h">
      <Filter>Config</Filter>
    </ClInclude>
    <ClInclude Include="shaders\bias\Bias_Common.h">
      <Filter>Header Files</Filter>
    </ClInclude>
    <ClInclude Include="shaders\bias\Bias_Dx11.h">
      <Filter>Header Files</Filter>
    </ClInclude>
    <ClInclude Include="shaders\bias\Bias_Dx12.h">
      <Filter>Header Files</Filter>
    </ClInclude>
    <ClInclude Include="shaders\bias\precompile\Bias_Shader.h">
      <Filter>Header Files</Filter>
    </ClInclude>
    <ClInclude Include="shaders\bias\precompile\Bias_Shader_Dx11.h">
      <Filter>Header Files</Filter>
    </ClInclude>
    <ClInclude Include="shaders\format_transfer\FT_Common.h">
      <Filter>Header Files</Filter>
    </ClInclude>
    <ClInclude Include="shaders\format_transfer\FT_Dx12.h">
      <Filter>Header Files</Filter>
    </ClInclude>
    <ClInclude Include="shaders\format_transfer\precompile\B8R8G8A8_Shader.h">
      <Filter>Header Files</Filter>
    </ClInclude>
    <ClInclude Include="shaders\format_transfer\precompile\R10G10B10A2_Shader.h">
      <Filter>Header Files</Filter>
    </ClInclude>
    <ClInclude Include="shaders\format_transfer\precompile\R8G8B8A8_Shader.h">
      <Filter>Header Files</Filter>
    </ClInclude>
    <ClInclude Include="shaders\fsr1\ffx_fsr1.h">
      <Filter>Header Files</Filter>
    </ClInclude>
    <ClInclude Include="shaders\fsr1\FSR_EASU_Shader.h">
      <Filter>Header Files</Filter>
    </ClInclude>
    <ClInclude Include="shaders\fsr1\FSR_EASU_Shader_Dx11.h">
      <Filter>Header Files</Filter>
    </ClInclude>
    <ClInclude Include="shaders\output_scaling\OS_Common.h">
      <Filter>Header Files</Filter>
    </ClInclude>
    <ClInclude Include="shaders\output_scaling\OS_Dx11.h">
      <Filter>Header Files</Filter>
    </ClInclude>
    <ClInclude Include="shaders\output_scaling\OS_Dx12.h">
      <Filter>Header Files</Filter>
    </ClInclude>
    <ClInclude Include="shaders\output_scaling\precompile\bcds_bicubic_Shader.h">
      <Filter>Header Files</Filter>
    </ClInclude>
    <ClInclude Include="shaders\output_scaling\precompile\bcds_bicubic_Shader_Dx11.h">
      <Filter>Header Files</Filter>
    </ClInclude>
    <ClInclude Include="shaders\output_scaling\precompile\bcds_catmull_Shader.h">
      <Filter>Header Files</Filter>
    </ClInclude>
    <ClInclude Include="shaders\output_scaling\precompile\bcds_catmull_Shader_Dx11.h">
      <Filter>Header Files</Filter>
    </ClInclude>
    <ClInclude Include="shaders\output_scaling\precompile\bcds_lanczos_Shader.h">
      <Filter>Header Files</Filter>
    </ClInclude>
    <ClInclude Include="shaders\output_scaling\precompile\bcds_lanczos_Shader_Dx11.h">
      <Filter>Header Files</Filter>
    </ClInclude>
    <ClInclude Include="shaders\output_scaling\precompile\bcds_magc_Shader.h">
      <Filter>Header Files</Filter>
    </ClInclude>
    <ClInclude Include="shaders\output_scaling\precompile\bcds_magc_Shader_Dx11.h">
      <Filter>Header Files</Filter>
    </ClInclude>
    <ClInclude Include="shaders\output_scaling\precompile\BCUS_Shader.h">
      <Filter>Header Files</Filter>
    </ClInclude>
    <ClInclude Include="shaders\output_scaling\precompile\BCUS_Shader_Dx11.h">
      <Filter>Header Files</Filter>
    </ClInclude>
    <ClInclude Include="shaders\rcas\precompile\RCAS_Shader.h">
      <Filter>Header Files</Filter>
    </ClInclude>
    <ClInclude Include="shaders\rcas\precompile\RCAS_Shader_Dx11.h">
      <Filter>Header Files</Filter>
    </ClInclude>
    <ClInclude Include="shaders\rcas\RCAS_Common.h">
      <Filter>Header Files</Filter>
    </ClInclude>
    <ClInclude Include="shaders\rcas\RCAS_Dx11.h">
      <Filter>Header Files</Filter>
    </ClInclude>
    <ClInclude Include="shaders\rcas\RCAS_Dx12.h">
      <Filter>Header Files</Filter>
    </ClInclude>
    <ClInclude Include="include\imgui\imgui.h">
      <Filter>Header Files</Filter>
    </ClInclude>
    <ClInclude Include="include\imgui\imgui_impl_dx11.h">
      <Filter>Header Files</Filter>
    </ClInclude>
    <ClInclude Include="include\imgui\imgui_impl_dx12.h">
      <Filter>Header Files</Filter>
    </ClInclude>
    <ClInclude Include="include\imgui\imgui_impl_vulkan.h">
      <Filter>Header Files</Filter>
    </ClInclude>
    <ClInclude Include="include\imgui\imgui_impl_win32.h">
      <Filter>Header Files</Filter>
    </ClInclude>
    <ClInclude Include="include\imgui\imgui_internal.h">
      <Filter>Header Files</Filter>
    </ClInclude>
    <ClInclude Include="include\imgui\imconfig.h">
      <Filter>Header Files</Filter>
    </ClInclude>
    <ClInclude Include="include\imgui\imstb_rectpack.h">
      <Filter>Header Files</Filter>
    </ClInclude>
    <ClInclude Include="include\imgui\imstb_textedit.h">
      <Filter>Header Files</Filter>
    </ClInclude>
    <ClInclude Include="include\imgui\imstb_truetype.h">
      <Filter>Header Files</Filter>
    </ClInclude>
    <ClInclude Include="include\imgui\misc\freetype\imgui_freetype.h">
      <Filter>Header Files</Filter>
    </ClInclude>
    <ClInclude Include="menu\font\Hack_Compressed.h">
      <Filter>Header Files</Filter>
    </ClInclude>
    <ClInclude Include="menu\menu_dx_base.h">
      <Filter>Header Files</Filter>
    </ClInclude>
    <ClInclude Include="menu\menu_common.h">
      <Filter>Header Files</Filter>
    </ClInclude>
    <ClInclude Include="menu\menu_dx11.h">
      <Filter>Header Files</Filter>
    </ClInclude>
    <ClInclude Include="menu\menu_dx12.h">
      <Filter>Header Files</Filter>
    </ClInclude>
    <ClInclude Include="menu\menu_overlay_base.h">
      <Filter>Header Files</Filter>
    </ClInclude>
    <ClInclude Include="menu\menu_overlay_dx.h">
      <Filter>Header Files</Filter>
    </ClInclude>
    <ClInclude Include="menu\menu_overlay_vk.h">
      <Filter>Header Files</Filter>
    </ClInclude>
    <ClInclude Include="OwnedMutex.h">
      <Filter>Header Files</Filter>
    </ClInclude>
    <ClInclude Include="shaders\depth_scale\DS_Common.h">
      <Filter>Header Files</Filter>
    </ClInclude>
    <ClInclude Include="shaders\depth_scale\DS_Dx12.h">
      <Filter>Header Files</Filter>
    </ClInclude>
    <ClInclude Include="shaders\depth_scale\precompiled\DS_Shader.h">
      <Filter>Header Files</Filter>
    </ClInclude>
    <ClInclude Include="shaders\depth_scale\precompiled\DS_Shader_Dx11.h">
      <Filter>Header Files</Filter>
    </ClInclude>
    <ClInclude Include="menu\menu_base.h">
      <Filter>Header Files</Filter>
    </ClInclude>
    <ClInclude Include="misc\FrameLimit.h">
      <Filter>Header Files</Filter>
    </ClInclude>
    <ClInclude Include="inputs\FfxApi_Vk.h">
      <Filter>Header Files</Filter>
    </ClInclude>
    <ClInclude Include="FSR4Upgrade.h">
      <Filter>Header Files</Filter>
    </ClInclude>
    <ClInclude Include="inputs\NVNGX_DLSS.h">
      <Filter>Header Files</Filter>
    </ClInclude>
    <ClInclude Include="inputs\FfxApiExe_Dx12.h">
      <Filter>Header Files</Filter>
    </ClInclude>
    <ClInclude Include="inputs\XeSS_Base.h">
      <Filter>Header Files</Filter>
    </ClInclude>
    <ClInclude Include="inputs\XeSS_Common.h">
      <Filter>Header Files</Filter>
    </ClInclude>
    <ClInclude Include="inputs\XeSS_Dbg.h">
      <Filter>Header Files</Filter>
    </ClInclude>
    <ClInclude Include="inputs\XeSS_Dx12.h">
      <Filter>Header Files</Filter>
    </ClInclude>
    <ClInclude Include="inputs\XeSS_Proxy.h">
      <Filter>Header Files</Filter>
    </ClInclude>
    <ClInclude Include="inputs\XeSS_Vulkan.h">
      <Filter>Header Files</Filter>
    </ClInclude>
    <ClInclude Include="upscalers\xess\XeSSFeature_Dx11on12.h">
      <Filter>Header Files</Filter>
    </ClInclude>
    <ClInclude Include="upscalers\xess\XeSSFeature_Vk.h">
      <Filter>Header Files</Filter>
    </ClInclude>
    <ClInclude Include="include\imgui\imgui_impl_uwp.h">
      <Filter>Header Files</Filter>
    </ClInclude>
    <ClInclude Include="proxies\Kernel32_Proxy.h">
      <Filter>Header Files</Filter>
    </ClInclude>
    <ClInclude Include="proxies\KernelBase_Proxy.h">
      <Filter>Header Files</Filter>
    </ClInclude>
    <ClInclude Include="hooks\Kernel_Hooks.h">
      <Filter>Header Files</Filter>
    </ClInclude>
    <ClInclude Include="DllNames.h">
      <Filter>Header Files</Filter>
    </ClInclude>
    <ClInclude Include="proxies\D3D12_Proxy.h">
      <Filter>Header Files</Filter>
    </ClInclude>
    <ClInclude Include="proxies\Dxgi_Proxy.h">
      <Filter>Header Files</Filter>
    </ClInclude>
    <ClInclude Include="exports\shared.h">
      <Filter>Header Files</Filter>
    </ClInclude>
    <ClInclude Include="exports\wininet.h">
      <Filter>Header Files</Filter>
    </ClInclude>
    <ClInclude Include="exports\version.h">
      <Filter>Header Files</Filter>
    </ClInclude>
    <ClInclude Include="exports\winhttp.h">
      <Filter>Header Files</Filter>
    </ClInclude>
    <ClInclude Include="exports\winmm.h">
      <Filter>Header Files</Filter>
    </ClInclude>
    <ClInclude Include="exports\dbghelp.h">
      <Filter>Header Files</Filter>
    </ClInclude>
    <ClInclude Include="exports\dxgi.h">
      <Filter>Header Files</Filter>
    </ClInclude>
    <ClInclude Include="exports\d3d12.h">
      <Filter>Header Files</Filter>
    </ClInclude>
    <ClInclude Include="exports\exports.h">
      <Filter>Header Files</Filter>
    </ClInclude>
    <ClInclude Include="spoofing\Dxgi_Spoofing.h">
      <Filter>Header Files</Filter>
    </ClInclude>
    <ClInclude Include="spoofing\Vulkan_Spoofing.h">
      <Filter>Header Files</Filter>
    </ClInclude>
    <ClInclude Include="framegen\ffx\FSRFG_Dx12.h">
      <Filter>Header Files</Filter>
    </ClInclude>
    <ClInclude Include="framegen\IFGFeature.h">
      <Filter>Header Files</Filter>
    </ClInclude>
    <ClInclude Include="framegen\IFGFeature_Dx12.h">
      <Filter>Header Files</Filter>
    </ClInclude>
    <ClInclude Include="hudfix\Hudfix_Dx12.h">
      <Filter>Header Files</Filter>
    </ClInclude>
    <ClInclude Include="resource_tracking\ResTrack_dx12.h">
      <Filter>Header Files</Filter>
    </ClInclude>
    <ClInclude Include="shaders\depth_transfer\DT_Common.h">
      <Filter>Header Files</Filter>
    </ClInclude>
    <ClInclude Include="shaders\depth_transfer\DT_Dx11.h">
      <Filter>Header Files</Filter>
    </ClInclude>
    <ClInclude Include="shaders\depth_transfer\precompile\dt_Shader_Dx11.h">
      <Filter>Header Files</Filter>
    </ClInclude>
  </ItemGroup>
  <ItemGroup>
    <ClCompile Include="Config.cpp">
      <Filter>Config</Filter>
    </ClCompile>
    <ClCompile Include="dllmain.cpp" />
    <ClCompile Include="Util.cpp">
      <Filter>Util</Filter>
    </ClCompile>
    <ClCompile Include="inputs\NVNGX_DLSS_Dx12.cpp">
      <Filter>Source Files</Filter>
    </ClCompile>
    <ClCompile Include="inputs\NVNGX_DLSS_Dx11.cpp">
      <Filter>Source Files</Filter>
    </ClCompile>
    <ClCompile Include="inputs\NVNGX_DLSS_Vk.cpp">
      <Filter>Source Files</Filter>
    </ClCompile>
    <ClCompile Include="upscalers\fsr2\FSR2Feature.cpp">
      <Filter>Source Files</Filter>
    </ClCompile>
    <ClCompile Include="upscalers\fsr2\FSR2Feature_Dx11.cpp">
      <Filter>Source Files</Filter>
    </ClCompile>
    <ClCompile Include="upscalers\fsr2\FSR2Feature_Dx11On12.cpp">
      <Filter>Source Files</Filter>
    </ClCompile>
    <ClCompile Include="upscalers\fsr2\FSR2Feature_Dx12.cpp">
      <Filter>Source Files</Filter>
    </ClCompile>
    <ClCompile Include="upscalers\fsr2\FSR2Feature_Vk.cpp">
      <Filter>Source Files</Filter>
    </ClCompile>
    <ClCompile Include="upscalers\IFeature.cpp">
      <Filter>Source Files</Filter>
    </ClCompile>
    <ClCompile Include="upscalers\IFeature_Dx12.cpp">
      <Filter>Source Files</Filter>
    </ClCompile>
    <ClCompile Include="upscalers\xess\XeSSFeature.cpp">
      <Filter>Source Files</Filter>
    </ClCompile>
    <ClCompile Include="upscalers\xess\XeSSFeature.h">
      <Filter>Header Files</Filter>
    </ClCompile>
    <ClCompile Include="upscalers\xess\XeSSFeature_Dx11.cpp">
      <Filter>Source Files</Filter>
    </ClCompile>
    <ClCompile Include="upscalers\xess\XeSSFeature_Dx12.cpp">
      <Filter>Source Files</Filter>
    </ClCompile>
    <ClCompile Include="upscalers\xess\XeSSFeature_Dx12.h">
      <Filter>Header Files</Filter>
    </ClCompile>
    <ClCompile Include="upscalers\fsr2_212\FSR2Feature_212.cpp">
      <Filter>Source Files</Filter>
    </ClCompile>
    <ClCompile Include="upscalers\fsr2_212\FSR2Feature_Dx11On12_212.cpp">
      <Filter>Source Files</Filter>
    </ClCompile>
    <ClCompile Include="upscalers\fsr2_212\FSR2Feature_Dx12_212.cpp">
      <Filter>Source Files</Filter>
    </ClCompile>
    <ClCompile Include="upscalers\fsr2_212\FSR2Feature_Vk_212.cpp">
      <Filter>Source Files</Filter>
    </ClCompile>
    <ClCompile Include="upscalers\IFeature_Dx11wDx12.h">
      <Filter>Source Files</Filter>
    </ClCompile>
    <ClCompile Include="upscalers\IFeature_Dx11wDx12.cpp">
      <Filter>Source Files</Filter>
    </ClCompile>
    <ClCompile Include="upscalers\IFeature_Dx11.cpp">
      <Filter>Source Files</Filter>
    </ClCompile>
    <ClCompile Include="Logger.cpp">
      <Filter>Source Files</Filter>
    </ClCompile>
    <ClCompile Include="upscalers\dlss\DLSSFeature.cpp">
      <Filter>Source Files</Filter>
    </ClCompile>
    <ClCompile Include="upscalers\dlss\DLSSFeature_Dx12.cpp">
      <Filter>Source Files</Filter>
    </ClCompile>
    <ClCompile Include="upscalers\dlss\DLSSFeature_Dx11.cpp">
      <Filter>Source Files</Filter>
    </ClCompile>
    <ClCompile Include="upscalers\dlss\DLSSFeature_Vk.cpp">
      <Filter>Source Files</Filter>
    </ClCompile>
    <ClCompile Include="inputs\NVNGX.cpp">
      <Filter>Source Files</Filter>
    </ClCompile>
    <ClCompile Include="upscalers\dlssd\DLSSDFeature.cpp">
      <Filter>Source Files</Filter>
    </ClCompile>
    <ClCompile Include="upscalers\dlssd\DLSSDFeature_Dx11.cpp">
      <Filter>Source Files</Filter>
    </ClCompile>
    <ClCompile Include="upscalers\dlssd\DLSSDFeature_Dx12.cpp">
      <Filter>Source Files</Filter>
    </ClCompile>
    <ClCompile Include="upscalers\dlssd\DLSSDFeature_Vk.cpp">
      <Filter>Source Files</Filter>
    </ClCompile>
    <ClCompile Include="upscalers\fsr31\FSR31Feature.cpp">
      <Filter>Source Files</Filter>
    </ClCompile>
    <ClCompile Include="upscalers\fsr31\FSR31Feature_Dx12.cpp">
      <Filter>Source Files</Filter>
    </ClCompile>
    <ClCompile Include="upscalers\fsr31\FSR31Feature_Dx11On12.cpp">
      <Filter>Source Files</Filter>
    </ClCompile>
    <ClCompile Include="upscalers\fsr31\FSR31Feature_Vk.cpp">
      <Filter>Source Files</Filter>
    </ClCompile>
    <ClCompile Include="upscalers\fsr31\FSR31Feature_Dx11.cpp">
      <Filter>Source Files</Filter>
    </ClCompile>
    <ClCompile Include="inputs\XeSS_Debug.cpp">
      <Filter>Source Files</Filter>
    </ClCompile>
    <ClCompile Include="inputs\XeSS_Dx12.cpp">
      <Filter>Source Files</Filter>
    </ClCompile>
    <ClCompile Include="hooks\HooksDx.cpp">
      <Filter>Source Files</Filter>
    </ClCompile>
    <ClCompile Include="hooks\HooksVk.cpp">
      <Filter>Source Files</Filter>
    </ClCompile>
    <ClCompile Include="hooks\wrapped_swapchain.cpp">
      <Filter>Source Files</Filter>
    </ClCompile>
    <ClCompile Include="inputs\FfxApi_Dx12.cpp">
      <Filter>Source Files</Filter>
    </ClCompile>
    <ClCompile Include="inputs\FSR2_Dx12.cpp">
      <Filter>Source Files</Filter>
    </ClCompile>
    <ClCompile Include="inputs\FSR3_Dx12.cpp">
      <Filter>Source Files</Filter>
    </ClCompile>
    <ClCompile Include="scanner\scanner.cpp">
      <Filter>Source Files</Filter>
    </ClCompile>
    <ClCompile Include="shaders\bias\Bias_Dx11.cpp">
      <Filter>Source Files</Filter>
    </ClCompile>
    <ClCompile Include="shaders\bias\Bias_Dx12.cpp">
      <Filter>Source Files</Filter>
    </ClCompile>
    <ClCompile Include="shaders\format_transfer\FT_Dx12.cpp">
      <Filter>Source Files</Filter>
    </ClCompile>
    <ClCompile Include="shaders\output_scaling\OS_Dx11.cpp">
      <Filter>Source Files</Filter>
    </ClCompile>
    <ClCompile Include="shaders\output_scaling\OS_Dx12.cpp">
      <Filter>Source Files</Filter>
    </ClCompile>
    <ClCompile Include="shaders\rcas\RCAS_Dx11.cpp">
      <Filter>Source Files</Filter>
    </ClCompile>
    <ClCompile Include="shaders\rcas\RCAS_Dx12.cpp">
      <Filter>Source Files</Filter>
    </ClCompile>
    <ClCompile Include="include\imgui\imgui.cpp">
      <Filter>Source Files</Filter>
    </ClCompile>
    <ClCompile Include="include\imgui\imgui_impl_dx11.cpp">
      <Filter>Source Files</Filter>
    </ClCompile>
    <ClCompile Include="include\imgui\imgui_impl_dx12.cpp">
      <Filter>Source Files</Filter>
    </ClCompile>
    <ClCompile Include="include\imgui\imgui_impl_vulkan.cpp">
      <Filter>Source Files</Filter>
    </ClCompile>
    <ClCompile Include="include\imgui\imgui_impl_win32.cpp">
      <Filter>Source Files</Filter>
    </ClCompile>
    <ClCompile Include="include\imgui\imgui_widgets.cpp">
      <Filter>Source Files</Filter>
    </ClCompile>
    <ClCompile Include="include\imgui\imgui_tables.cpp">
      <Filter>Source Files</Filter>
    </ClCompile>
    <ClCompile Include="include\imgui\misc\freetype\imgui_freetype.cpp">
      <Filter>Source Files</Filter>
    </ClCompile>
    <ClCompile Include="include\imgui\imgui_demo.cpp">
      <Filter>Source Files</Filter>
    </ClCompile>
    <ClCompile Include="include\imgui\imgui_draw.cpp">
      <Filter>Source Files</Filter>
    </ClCompile>
    <ClCompile Include="menu\menu_common.cpp">
      <Filter>Source Files</Filter>
    </ClCompile>
    <ClCompile Include="menu\menu_dx_base.cpp">
      <Filter>Source Files</Filter>
    </ClCompile>
    <ClCompile Include="menu\menu_dx11.cpp">
      <Filter>Source Files</Filter>
    </ClCompile>
    <ClCompile Include="menu\menu_dx12.cpp">
      <Filter>Source Files</Filter>
    </ClCompile>
    <ClCompile Include="menu\menu_overlay_base.cpp">
      <Filter>Source Files</Filter>
    </ClCompile>
    <ClCompile Include="menu\menu_overlay_dx.cpp">
      <Filter>Source Files</Filter>
    </ClCompile>
    <ClCompile Include="menu\menu_overlay_vk.cpp">
      <Filter>Source Files</Filter>
    </ClCompile>
    <ClCompile Include="shaders\depth_scale\DS_Dx12.cpp">
      <Filter>Source Files</Filter>
    </ClCompile>
    <ClCompile Include="menu\menu_base.cpp">
      <Filter>Source Files</Filter>
    </ClCompile>
    <ClCompile Include="misc\FrameLimit.cpp">
      <Filter>Source Files</Filter>
    </ClCompile>
    <ClCompile Include="nvapi\ReflexHooks.cpp">
      <Filter>Source Files</Filter>
    </ClCompile>
    <ClCompile Include="nvapi\NvApiTypes.cpp">
      <Filter>Source Files</Filter>
    </ClCompile>
    <ClCompile Include="nvapi\fakenvapi.cpp">
      <Filter>Source Files</Filter>
    </ClCompile>
    <ClCompile Include="nvapi\NvApiHooks.cpp">
      <Filter>Source Files</Filter>
    </ClCompile>
    <ClCompile Include="inputs\FfxApi_Vk.cpp">
      <Filter>Source Files</Filter>
    </ClCompile>
    <ClCompile Include="inputs\FfxApiExe_Dx12.cpp">
      <Filter>Source Files</Filter>
    </ClCompile>
    <ClCompile Include="inputs\XeSS_Base.cpp">
      <Filter>Source Files</Filter>
    </ClCompile>
    <ClCompile Include="inputs\XeSS_Common.cpp">
      <Filter>Source Files</Filter>
    </ClCompile>
    <ClCompile Include="inputs\XeSS_Dbg.cpp">
      <Filter>Source Files</Filter>
    </ClCompile>
    <ClCompile Include="inputs\XeSS_Vulkan.cpp">
      <Filter>Source Files</Filter>
    </ClCompile>
    <ClCompile Include="upscalers\xess\XeSSFeature_Dx11on12.cpp">
      <Filter>Source Files</Filter>
    </ClCompile>
    <ClCompile Include="upscalers\xess\XeSSFeature_Vk.cpp">
      <Filter>Source Files</Filter>
    </ClCompile>
    <ClCompile Include="include\imgui\imgui_impl_uwp.cpp">
      <Filter>Source Files</Filter>
    </ClCompile>
    <ClCompile Include="framegen\ffx\FSRFG_Dx12.cpp">
      <Filter>Source Files</Filter>
    </ClCompile>
    <ClCompile Include="framegen\IFGFeature.cpp">
      <Filter>Source Files</Filter>
    </ClCompile>
    <ClCompile Include="framegen\IFGFeature_Dx12.cpp">
      <Filter>Source Files</Filter>
    </ClCompile>
    <ClCompile Include="hudfix\Hudfix_Dx12.cpp">
      <Filter>Source Files</Filter>
    </ClCompile>
    <ClCompile Include="resource_tracking\ResTrack_dx12.cpp">
      <Filter>Source Files</Filter>
    </ClCompile>
    <ClCompile Include="shaders\depth_transfer\DT_Dx11.cpp">
      <Filter>Source Files</Filter>
    </ClCompile>
  </ItemGroup>
  <ItemGroup>
    <ResourceCompile Include="OptiScaler.rc" />
  </ItemGroup>
  <ItemGroup>
    <None Include="Source.def">
      <Filter>Source Files</Filter>
    </None>
  </ItemGroup>
</Project>