<?xml version="1.0" encoding="utf-8"?>
<Project ToolsVersion="4.0" xmlns="http://schemas.microsoft.com/developer/msbuild/2003">
  <ItemGroup>
    <Filter Include="Header Files">
      <UniqueIdentifier>{93995380-89BD-4b04-88EB-625FBE52EBFB}</UniqueIdentifier>
      <Extensions>h;hh;hpp;hxx;h++;hm;inl;inc;ipp;xsd</Extensions>
    </Filter>
    <Filter Include="Source Files">
      <UniqueIdentifier>{4FC737F1-C7A5-4376-A066-2A32D752A2FF}</UniqueIdentifier>
      <Extensions>cpp;c;cc;cxx;c++;cppm;ixx;def;odl;idl;hpj;bat;asm;asmx</Extensions>
    </Filter>
    <Filter Include="Resource Files">
      <UniqueIdentifier>{67DA6AB6-F800-4c08-8B7A-83BB121AAD01}</UniqueIdentifier>
      <Extensions>rc;ico;cur;bmp;dlg;rc2;rct;bin;rgs;gif;jpg;jpeg;jpe;resx;tiff;tif;png;wav;mfcribbon-ms</Extensions>
    </Filter>
  </ItemGroup>
  <ItemGroup>
    <ClInclude Include="framework.h">
      <Filter>Header Files</Filter>
    </ClInclude>
    <ClInclude Include="pch.h">
      <Filter>Header Files</Filter>
    </ClInclude>
    <ClInclude Include="CyberXess.h">
      <Filter>Header Files</Filter>
    </ClInclude>
    <ClInclude Include="Util.h">
      <Filter>Header Files</Filter>
    </ClInclude>
    <ClInclude Include="Config.h">
      <Filter>Header Files</Filter>
    </ClInclude>
    <ClInclude Include="NvParameter.h">
      <Filter>Header Files</Filter>
    </ClInclude>
    <ClInclude Include="cas\ffx_cas_private.h">
      <Filter>Header Files</Filter>
    </ClInclude>
    <ClInclude Include="cas\ffx_object_management.h">
      <Filter>Header Files</Filter>
    </ClInclude>
    <ClInclude Include="cas\shared\ffx_shader_blobs.h">
      <Filter>Header Files</Filter>
    </ClInclude>
    <ClInclude Include="cas\shared\blob_accessors\ffx_cas_shaderblobs.h">
      <Filter>Header Files</Filter>
    </ClInclude>
    <ClInclude Include="cas\shared\blob_accessors\ffx_cas_sharpen_pass_wave64_16bit_permutations.h">
      <Filter>Header Files</Filter>
    </ClInclude>
    <ClInclude Include="cas\shared\blob_accessors\ffx_cas_sharpen_pass_permutations.h">
      <Filter>Header Files</Filter>
    </ClInclude>
    <ClInclude Include="cas\shared\blob_accessors\ffx_cas_sharpen_pass_16bit_permutations.h">
      <Filter>Header Files</Filter>
    </ClInclude>
    <ClInclude Include="cas\shared\blob_accessors\ffx_cas_sharpen_pass_8af9cc39542bf35bb40b4bb8ae4d55b6.h">
      <Filter>Header Files</Filter>
    </ClInclude>
    <ClInclude Include="cas\shared\blob_accessors\ffx_cas_sharpen_pass_16bit_9f81ecd320aa8aff19e833b4ddea7d0e.h">
      <Filter>Header Files</Filter>
    </ClInclude>
    <ClInclude Include="cas\shared\blob_accessors\ffx_cas_sharpen_pass_16bit_14b6b45c19f8bef7f1c9c210a0b759b0.h">
      <Filter>Header Files</Filter>
    </ClInclude>
    <ClInclude Include="cas\shared\blob_accessors\ffx_cas_sharpen_pass_16bit_75e453678ddf59ccd581676c1ae1a2bd.h">
      <Filter>Header Files</Filter>
    </ClInclude>
    <ClInclude Include="cas\shared\blob_accessors\ffx_cas_sharpen_pass_16bit_370e66e23c2617f1d0d1a41ce92020d1.h">
      <Filter>Header Files</Filter>
    </ClInclude>
    <ClInclude Include="cas\shared\blob_accessors\ffx_cas_sharpen_pass_16bit_6356b189c5394e8ad58e0feed21340e9.h">
      <Filter>Header Files</Filter>
    </ClInclude>
    <ClInclude Include="cas\shared\blob_accessors\ffx_cas_sharpen_pass_16bit_b899ff1caf94993c974933c02dab0fb8.h">
      <Filter>Header Files</Filter>
    </ClInclude>
    <ClInclude Include="cas\shared\blob_accessors\ffx_cas_sharpen_pass_16bit_c65a1a3b559e19386ef3025d545a3c75.h">
      <Filter>Header Files</Filter>
    </ClInclude>
    <ClInclude Include="cas\shared\blob_accessors\ffx_cas_sharpen_pass_16bit_dea07810b46ba36566bd4aa1ff78a82a.h">
      <Filter>Header Files</Filter>
    </ClInclude>
    <ClInclude Include="cas\shared\blob_accessors\ffx_cas_sharpen_pass_16bit_f9509b7419ac3ee6c695698856e59a0b.h">
      <Filter>Header Files</Filter>
    </ClInclude>
    <ClInclude Include="cas\shared\blob_accessors\ffx_cas_sharpen_pass_16bit_f5892826f4370686e7fda97005b035f1.h">
      <Filter>Header Files</Filter>
    </ClInclude>
    <ClInclude Include="cas\shared\blob_accessors\ffx_cas_sharpen_pass_88eec194ce38246cc0c6cef61356d750.h">
      <Filter>Header Files</Filter>
    </ClInclude>
    <ClInclude Include="cas\shared\blob_accessors\ffx_cas_sharpen_pass_614a6e8563a7739e2e1d1da9a912cfde.h">
      <Filter>Header Files</Filter>
    </ClInclude>
    <ClInclude Include="cas\shared\blob_accessors\ffx_cas_sharpen_pass_713b2dd57ee05ace40553c55be3046cb.h">
      <Filter>Header Files</Filter>
    </ClInclude>
    <ClInclude Include="cas\shared\blob_accessors\ffx_cas_sharpen_pass_88708abc518c21de032439084a94984f.h">
      <Filter>Header Files</Filter>
    </ClInclude>
    <ClInclude Include="cas\shared\blob_accessors\ffx_cas_sharpen_pass_d8fdba1e88140f2ffede2256569e6847.h">
      <Filter>Header Files</Filter>
    </ClInclude>
    <ClInclude Include="cas\shared\blob_accessors\ffx_cas_sharpen_pass_dd67b43cea4b5b5de2be677e3d8fbed2.h">
      <Filter>Header Files</Filter>
    </ClInclude>
    <ClInclude Include="cas\shared\blob_accessors\ffx_cas_sharpen_pass_ee2bdf5ae8a17c2f999bce0f168d7d77.h">
      <Filter>Header Files</Filter>
    </ClInclude>
    <ClInclude Include="cas\shared\blob_accessors\ffx_cas_sharpen_pass_fa3d883becd2c65411840779acf5d69a.h">
      <Filter>Header Files</Filter>
    </ClInclude>
    <ClInclude Include="cas\shared\blob_accessors\ffx_cas_sharpen_pass_fe571d470c8b4b84ac904f8b27772e65.h">
      <Filter>Header Files</Filter>
    </ClInclude>
    <ClInclude Include="cas\shared\blob_accessors\ffx_cas_sharpen_pass_wave64_5eac039bab8b5c1c000063672134a3c9.h">
      <Filter>Header Files</Filter>
    </ClInclude>
    <ClInclude Include="cas\shared\blob_accessors\ffx_cas_sharpen_pass_wave64_16bit_6a2787277532a9c0bbd0b938a8a52f93.h">
      <Filter>Header Files</Filter>
    </ClInclude>
    <ClInclude Include="cas\shared\blob_accessors\ffx_cas_sharpen_pass_wave64_16bit_63d861ab10fb45dd4581b0b9f04a68cd.h">
      <Filter>Header Files</Filter>
    </ClInclude>
    <ClInclude Include="cas\shared\blob_accessors\ffx_cas_sharpen_pass_wave64_16bit_071c6ce55ce3193bad742e5c24b3c4ca.h">
      <Filter>Header Files</Filter>
    </ClInclude>
    <ClInclude Include="cas\shared\blob_accessors\ffx_cas_sharpen_pass_wave64_16bit_477af1119a602c2fe95b47dbb192cc15.h">
      <Filter>Header Files</Filter>
    </ClInclude>
    <ClInclude Include="cas\shared\blob_accessors\ffx_cas_sharpen_pass_wave64_16bit_6826c6e0ba2ab6d8280fc00af0964aaa.h">
      <Filter>Header Files</Filter>
    </ClInclude>
    <ClInclude Include="cas\shared\blob_accessors\ffx_cas_sharpen_pass_wave64_16bit_391091f5c9521b4b9ae7b81e048857a6.h">
      <Filter>Header Files</Filter>
    </ClInclude>
    <ClInclude Include="cas\shared\blob_accessors\ffx_cas_sharpen_pass_wave64_16bit_a812826a8db423e775d5777a998f593d.h">
      <Filter>Header Files</Filter>
    </ClInclude>
    <ClInclude Include="cas\shared\blob_accessors\ffx_cas_sharpen_pass_wave64_16bit_b9ee87e9cec8de305f5b2603065fcc21.h">
      <Filter>Header Files</Filter>
    </ClInclude>
    <ClInclude Include="cas\shared\blob_accessors\ffx_cas_sharpen_pass_wave64_16bit_bf2fa42b327534c6759981f2cd5f9fbc.h">
      <Filter>Header Files</Filter>
    </ClInclude>
    <ClInclude Include="cas\shared\blob_accessors\ffx_cas_sharpen_pass_wave64_16bit_dcf57d714c2c7dbf7a034b385635f3f5.h">
      <Filter>Header Files</Filter>
    </ClInclude>
  </ItemGroup>
  <ItemGroup>
    <ClCompile Include="dllmain.cpp">
      <Filter>Source Files</Filter>
    </ClCompile>
    <ClCompile Include="pch.cpp">
      <Filter>Source Files</Filter>
    </ClCompile>
    <ClCompile Include="CyberXess.cpp">
      <Filter>Source Files</Filter>
    </ClCompile>
    <ClCompile Include="Util.cpp">
      <Filter>Source Files</Filter>
    </ClCompile>
    <ClCompile Include="Config.cpp">
      <Filter>Source Files</Filter>
    </ClCompile>
    <ClCompile Include="NvParameter.cpp">
      <Filter>Source Files</Filter>
    </ClCompile>
    <ClCompile Include="CyberXessDx12.cpp">
      <Filter>Source Files</Filter>
    </ClCompile>
    <ClCompile Include="CyberXessDx11.cpp">
      <Filter>Source Files</Filter>
    </ClCompile>
    <ClCompile Include="CyberXessVk.cpp">
      <Filter>Source Files</Filter>
    </ClCompile>
    <ClCompile Include="cas\ffx_cas.cpp">
      <Filter>Source Files</Filter>
    </ClCompile>
    <ClCompile Include="cas\ffx_assert.cpp">
      <Filter>Source Files</Filter>
    </ClCompile>
    <ClCompile Include="cas\ffx_object_management.cpp">
      <Filter>Source Files</Filter>
    </ClCompile>
    <ClCompile Include="cas\ffx_dx12.cpp">
      <Filter>Source Files</Filter>
    </ClCompile>
    <ClCompile Include="cas\shared\ffx_shader_blobs.cpp">
      <Filter>Source Files</Filter>
    </ClCompile>
    <ClCompile Include="cas\shared\blob_accessors\ffx_cas_shaderblobs.cpp">
      <Filter>Source Files</Filter>
    </ClCompile>
  </ItemGroup>
</Project>