<?xml version="1.0" encoding="utf-8"?>
<Project ToolsVersion="4.0" xmlns="http://schemas.microsoft.com/developer/msbuild/2003">
  <ItemGroup>
    <Filter Include="Header Files">
      <UniqueIdentifier>{93995380-89BD-4b04-88EB-625FBE52EBFB}</UniqueIdentifier>
      <Extensions>h;hh;hpp;hxx;h++;hm;inl;inc;ipp;xsd</Extensions>
    </Filter>
    <Filter Include="Source Files">
      <UniqueIdentifier>{4FC737F1-C7A5-4376-A066-2A32D752A2FF}</UniqueIdentifier>
      <Extensions>cpp;c;cc;cxx;c++;cppm;ixx;def;odl;idl;hpj;bat;asm;asmx</Extensions>
    </Filter>
    <Filter Include="IFeature">
      <UniqueIdentifier>{0d5515bc-9b5a-4d33-a918-989059c29e08}</UniqueIdentifier>
    </Filter>
    <Filter Include="Config">
      <UniqueIdentifier>{eb352600-7864-4906-a7f8-b065f137cc80}</UniqueIdentifier>
    </Filter>
    <Filter Include="NVNGX">
      <UniqueIdentifier>{5942b1ae-09d7-4444-8936-97ee514249b0}</UniqueIdentifier>
    </Filter>
    <Filter Include="XeSS">
      <UniqueIdentifier>{5b727ebe-fcfc-4b50-b956-8b7ba3456954}</UniqueIdentifier>
    </Filter>
    <Filter Include="Util">
      <UniqueIdentifier>{8cf642d0-7481-41f8-b96f-f3ecfdd50752}</UniqueIdentifier>
    </Filter>
    <Filter Include="Other">
      <UniqueIdentifier>{3ee7ea7b-4d96-4a1f-aa88-8dd4c5d506ee}</UniqueIdentifier>
    </Filter>
  </ItemGroup>
  <ItemGroup>
    <ClInclude Include="Config.h">
      <Filter>Config</Filter>
    </ClInclude>
    <ClInclude Include="IFeature.h">
      <Filter>IFeature</Filter>
    </ClInclude>
    <ClInclude Include="IFeature_Dx11.h">
      <Filter>IFeature</Filter>
    </ClInclude>
    <ClInclude Include="IFeature_Dx12.h">
      <Filter>IFeature</Filter>
    </ClInclude>
    <ClInclude Include="IFeature_Vk.h">
      <Filter>IFeature</Filter>
    </ClInclude>
    <ClInclude Include="NVNGX_Parameter.h">
      <Filter>NVNGX</Filter>
    </ClInclude>
    <ClInclude Include="Util.h">
      <Filter>Util</Filter>
    </ClInclude>
    <ClInclude Include="CyberXess.h">
      <Filter>Other</Filter>
    </ClInclude>
    <ClInclude Include="framework.h">
      <Filter>Other</Filter>
    </ClInclude>
    <ClInclude Include="pch.h">
      <Filter>Other</Filter>
    </ClInclude>
    <ClInclude Include="XeSSFeature_Dx11.h">
      <Filter>Header Files</Filter>
    </ClInclude>
    <ClInclude Include="FSR2Feature.h">
      <Filter>Header Files</Filter>
    </ClInclude>
    <ClInclude Include="FSR2Feature_Dx11.h">
      <Filter>Header Files</Filter>
    </ClInclude>
    <ClInclude Include="FSR2Feature_Dx12.h">
      <Filter>Header Files</Filter>
    </ClInclude>
    <ClInclude Include="FSR2Feature_Vk.h">
      <Filter>Header Files</Filter>
    </ClInclude>
    <ClInclude Include="FSR2Feature_Dx11On12.h">
      <Filter>Header Files</Filter>
    </ClInclude>
  </ItemGroup>
  <ItemGroup>
    <ClCompile Include="Config.cpp">
      <Filter>Config</Filter>
    </ClCompile>
    <ClCompile Include="XeSSFeature.cpp">
      <Filter>XeSS</Filter>
    </ClCompile>
    <ClCompile Include="XeSSFeature.h">
      <Filter>XeSS</Filter>
    </ClCompile>
    <ClCompile Include="XeSSFeature_Dx12.cpp">
      <Filter>XeSS</Filter>
    </ClCompile>
    <ClCompile Include="XeSSFeature_Dx12.h">
      <Filter>XeSS</Filter>
    </ClCompile>
    <ClCompile Include="dllmain.cpp" />
    <ClCompile Include="Util.cpp">
      <Filter>Util</Filter>
    </ClCompile>
    <ClCompile Include="CyberXess.cpp">
      <Filter>Other</Filter>
    </ClCompile>
    <ClCompile Include="IFeature.cpp">
      <Filter>IFeature</Filter>
    </ClCompile>
    <ClCompile Include="IFeature_Dx12.cpp">
      <Filter>IFeature</Filter>
    </ClCompile>
    <ClCompile Include="XeSSFeature_Dx11.cpp">
      <Filter>Source Files</Filter>
    </ClCompile>
    <ClCompile Include="NVNGX_DLSS_Dx12.cpp">
      <Filter>Source Files</Filter>
    </ClCompile>
    <ClCompile Include="NVNGX_DLSS_Dx11.cpp">
      <Filter>Source Files</Filter>
    </ClCompile>
    <ClCompile Include="FSR2Feature.cpp">
      <Filter>Source Files</Filter>
    </ClCompile>
    <ClCompile Include="FSR2Feature_Dx11.cpp">
      <Filter>Source Files</Filter>
    </ClCompile>
    <ClCompile Include="FSR2Feature_Dx12.cpp">
      <Filter>Source Files</Filter>
    </ClCompile>
    <ClCompile Include="FSR2Feature_Vk.cpp">
      <Filter>Source Files</Filter>
    </ClCompile>
    <ClCompile Include="NVNGX_DLSS_Vk.cpp">
      <Filter>Source Files</Filter>
    </ClCompile>
    <ClCompile Include="FSR2Feature_Dx11On12.cpp">
      <Filter>Source Files</Filter>
    </ClCompile>
  </ItemGroup>
</Project>